PODS:
  - LookinServer (1.2.7):
    - LookinServer/Core (= 1.2.7)
  - LookinServer/Core (1.2.7)
  - PJPageViewController (1.0.3)

DEPENDENCIES:
  - LookinServer
  - PJPageViewController (from `../../PJPageViewController`)

SPEC REPOS:
  trunk:
    - LookinServer

EXTERNAL SOURCES:
  PJPageViewController:
    :path: "../../PJPageViewController"

SPEC CHECKSUMS:
  LookinServer: 36f1a0ad280de34b9794cf8825867fcc2dd93e75
  PJPageViewController: c25a9618146e6cd48353f07f298b51fdba02fa8b

PODFILE CHECKSUM: 13c965b570f7210b3ef684555fcfce9a42ae4d42

COCOAPODS: 1.12.1
